// !$*UTF8*$!
{
	archiveVersion = 1;
	classes = {
	};
	objectVersion = 77;
	objects = {

/* Begin PBXBuildFile section */
		1741D3D42D5E1F4E00961507 /* Apollo in Frameworks */ = {isa = PBXBuildFile; productRef = 1741D3D32D5E1F4E00961507 /* Apollo */; };
		1741D3D62D5E1F4E00961507 /* ApolloTestSupport in Frameworks */ = {isa = PBXBuildFile; productRef = 1741D3D52D5E1F4E00961507 /* ApolloTestSupport */; };
		1741D3D82D5E1F4E00961507 /* ApolloWebSocket in Frameworks */ = {isa = PBXBuildFile; productRef = 1741D3D72D5E1F4E00961507 /* ApolloWebSocket */; };
		1741D3E22D5E232300961507 /* RokayaAPI in Frameworks */ = {isa = PBXBuildFile; productRef = 1741D3E12D5E232300961507 /* RokayaAPI */; };
		3C55F2D1C8E055903D8651D1 /* Pods_Shopify_ShopifyUITests.framework in Frameworks */ = {isa = PBXBuildFile; fileRef = A868CD4AC4240D416DDCCECE /* Pods_Shopify_ShopifyUITests.framework */; };
		7E99846F47DBED3200623EE4 /* Pods_Shopify.framework in Frameworks */ = {isa = PBXBuildFile; fileRef = 7DAB9EBC61E09F7E56781473 /* Pods_Shopify.framework */; };
		FBFBCC60A38B12B8EF9D7170 /* Pods_ShopifyTests.framework in Frameworks */ = {isa = PBXBuildFile; fileRef = 05380E88F8960BAFF2D5AF8D /* Pods_ShopifyTests.framework */; };
/* End PBXBuildFile section */

/* Begin PBXContainerItemProxy section */
		F5D4DEF72D58ECC90038A233 /* PBXContainerItemProxy */ = {
			isa = PBXContainerItemProxy;
			containerPortal = F5D4DED52D58ECC70038A233 /* Project object */;
			proxyType = 1;
			remoteGlobalIDString = F5D4DEDC2D58ECC70038A233;
			remoteInfo = Shopify;
		};
		F5D4DF012D58ECC90038A233 /* PBXContainerItemProxy */ = {
			isa = PBXContainerItemProxy;
			containerPortal = F5D4DED52D58ECC70038A233 /* Project object */;
			proxyType = 1;
			remoteGlobalIDString = F5D4DEDC2D58ECC70038A233;
			remoteInfo = Shopify;
		};
/* End PBXContainerItemProxy section */

/* Begin PBXFileReference section */
		05380E88F8960BAFF2D5AF8D /* Pods_ShopifyTests.framework */ = {isa = PBXFileReference; explicitFileType = wrapper.framework; includeInIndex = 0; path = Pods_ShopifyTests.framework; sourceTree = BUILT_PRODUCTS_DIR; };
		159A2EB4B6B44D6EC0E17058 /* Pods-ShopifyTests.debug.xcconfig */ = {isa = PBXFileReference; includeInIndex = 1; lastKnownFileType = text.xcconfig; name = "Pods-ShopifyTests.debug.xcconfig"; path = "Target Support Files/Pods-ShopifyTests/Pods-ShopifyTests.debug.xcconfig"; sourceTree = "<group>"; };
		16C914ED8AD2D81CF47B2F5E /* Pods-Shopify-ShopifyUITests.release.xcconfig */ = {isa = PBXFileReference; includeInIndex = 1; lastKnownFileType = text.xcconfig; name = "Pods-Shopify-ShopifyUITests.release.xcconfig"; path = "Target Support Files/Pods-Shopify-ShopifyUITests/Pods-Shopify-ShopifyUITests.release.xcconfig"; sourceTree = "<group>"; };
		74329265775279C39B81022A /* Pods-ShopifyTests.release.xcconfig */ = {isa = PBXFileReference; includeInIndex = 1; lastKnownFileType = text.xcconfig; name = "Pods-ShopifyTests.release.xcconfig"; path = "Target Support Files/Pods-ShopifyTests/Pods-ShopifyTests.release.xcconfig"; sourceTree = "<group>"; };
		7DAB9EBC61E09F7E56781473 /* Pods_Shopify.framework */ = {isa = PBXFileReference; explicitFileType = wrapper.framework; includeInIndex = 0; path = Pods_Shopify.framework; sourceTree = BUILT_PRODUCTS_DIR; };
		8A689B4E6754D4922F139F49 /* Pods-Shopify.release.xcconfig */ = {isa = PBXFileReference; includeInIndex = 1; lastKnownFileType = text.xcconfig; name = "Pods-Shopify.release.xcconfig"; path = "Target Support Files/Pods-Shopify/Pods-Shopify.release.xcconfig"; sourceTree = "<group>"; };
		A868CD4AC4240D416DDCCECE /* Pods_Shopify_ShopifyUITests.framework */ = {isa = PBXFileReference; explicitFileType = wrapper.framework; includeInIndex = 0; path = Pods_Shopify_ShopifyUITests.framework; sourceTree = BUILT_PRODUCTS_DIR; };
		B1FAED51BA255306B09D1C63 /* Pods-Shopify.debug.xcconfig */ = {isa = PBXFileReference; includeInIndex = 1; lastKnownFileType = text.xcconfig; name = "Pods-Shopify.debug.xcconfig"; path = "Target Support Files/Pods-Shopify/Pods-Shopify.debug.xcconfig"; sourceTree = "<group>"; };
		D36D1B79654050366AF2838C /* Pods-Shopify-ShopifyUITests.debug.xcconfig */ = {isa = PBXFileReference; includeInIndex = 1; lastKnownFileType = text.xcconfig; name = "Pods-Shopify-ShopifyUITests.debug.xcconfig"; path = "Target Support Files/Pods-Shopify-ShopifyUITests/Pods-Shopify-ShopifyUITests.debug.xcconfig"; sourceTree = "<group>"; };
		F5D4DEDD2D58ECC70038A233 /* Shopify.app */ = {isa = PBXFileReference; explicitFileType = wrapper.application; includeInIndex = 0; path = Shopify.app; sourceTree = BUILT_PRODUCTS_DIR; };
		F5D4DEF62D58ECC90038A233 /* ShopifyTests.xctest */ = {isa = PBXFileReference; explicitFileType = wrapper.cfbundle; includeInIndex = 0; path = ShopifyTests.xctest; sourceTree = BUILT_PRODUCTS_DIR; };
		F5D4DF002D58ECC90038A233 /* ShopifyUITests.xctest */ = {isa = PBXFileReference; explicitFileType = wrapper.cfbundle; includeInIndex = 0; path = ShopifyUITests.xctest; sourceTree = BUILT_PRODUCTS_DIR; };
/* End PBXFileReference section */

/* Begin PBXFileSystemSynchronizedBuildFileExceptionSet section */
		F5D4DF082D58ECC90038A233 /* Exceptions for "Shopify" folder in "Shopify" target */ = {
			isa = PBXFileSystemSynchronizedBuildFileExceptionSet;
			membershipExceptions = (
				Info.plist,
			);
			target = F5D4DEDC2D58ECC70038A233 /* Shopify */;
		};
/* End PBXFileSystemSynchronizedBuildFileExceptionSet section */

/* Begin PBXFileSystemSynchronizedRootGroup section */
		F5D4DEDF2D58ECC70038A233 /* Shopify */ = {
			isa = PBXFileSystemSynchronizedRootGroup;
			exceptions = (
				F5D4DF082D58ECC90038A233 /* Exceptions for "Shopify" folder in "Shopify" target */,
			);
			path = Shopify;
			sourceTree = "<group>";
		};
		F5D4DEF92D58ECC90038A233 /* ShopifyTests */ = {
			isa = PBXFileSystemSynchronizedRootGroup;
			path = ShopifyTests;
			sourceTree = "<group>";
		};
		F5D4DF032D58ECC90038A233 /* ShopifyUITests */ = {
			isa = PBXFileSystemSynchronizedRootGroup;
			path = ShopifyUITests;
			sourceTree = "<group>";
		};
/* End PBXFileSystemSynchronizedRootGroup section */

/* Begin PBXFrameworksBuildPhase section */
		F5D4DEDA2D58ECC70038A233 /* Frameworks */ = {
			isa = PBXFrameworksBuildPhase;
			buildActionMask = 2147483647;
			files = (
				1741D3D42D5E1F4E00961507 /* Apollo in Frameworks */,
				1741D3D82D5E1F4E00961507 /* ApolloWebSocket in Frameworks */,
				1741D3E22D5E232300961507 /* RokayaAPI in Frameworks */,
				1741D3D62D5E1F4E00961507 /* ApolloTestSupport in Frameworks */,
				7E99846F47DBED3200623EE4 /* Pods_Shopify.framework in Frameworks */,
			);
			runOnlyForDeploymentPostprocessing = 0;
		};
		F5D4DEF32D58ECC90038A233 /* Frameworks */ = {
			isa = PBXFrameworksBuildPhase;
			buildActionMask = 2147483647;
			files = (
				FBFBCC60A38B12B8EF9D7170 /* Pods_ShopifyTests.framework in Frameworks */,
			);
			runOnlyForDeploymentPostprocessing = 0;
		};
		F5D4DEFD2D58ECC90038A233 /* Frameworks */ = {
			isa = PBXFrameworksBuildPhase;
			buildActionMask = 2147483647;
			files = (
				3C55F2D1C8E055903D8651D1 /* Pods_Shopify_ShopifyUITests.framework in Frameworks */,
			);
			runOnlyForDeploymentPostprocessing = 0;
		};
/* End PBXFrameworksBuildPhase section */

/* Begin PBXGroup section */
		1741D3E32D5E235300961507 /* Frameworks */ = {
			isa = PBXGroup;
			children = (
				7DAB9EBC61E09F7E56781473 /* Pods_Shopify.framework */,
				A868CD4AC4240D416DDCCECE /* Pods_Shopify_ShopifyUITests.framework */,
				05380E88F8960BAFF2D5AF8D /* Pods_ShopifyTests.framework */,
			);
			name = Frameworks;
			sourceTree = "<group>";
		};
		E300C2A1DD32E7D852C2E3CE /* Pods */ = {
			isa = PBXGroup;
			children = (
				B1FAED51BA255306B09D1C63 /* Pods-Shopify.debug.xcconfig */,
				8A689B4E6754D4922F139F49 /* Pods-Shopify.release.xcconfig */,
				D36D1B79654050366AF2838C /* Pods-Shopify-ShopifyUITests.debug.xcconfig */,
				16C914ED8AD2D81CF47B2F5E /* Pods-Shopify-ShopifyUITests.release.xcconfig */,
				159A2EB4B6B44D6EC0E17058 /* Pods-ShopifyTests.debug.xcconfig */,
				74329265775279C39B81022A /* Pods-ShopifyTests.release.xcconfig */,
			);
			path = Pods;
			sourceTree = "<group>";
		};
		F5D4DED42D58ECC70038A233 = {
			isa = PBXGroup;
			children = (
				F5D4DEDF2D58ECC70038A233 /* Shopify */,
				F5D4DEF92D58ECC90038A233 /* ShopifyTests */,
				F5D4DF032D58ECC90038A233 /* ShopifyUITests */,
				1741D3E32D5E235300961507 /* Frameworks */,
				F5D4DEDE2D58ECC70038A233 /* Products */,
				E300C2A1DD32E7D852C2E3CE /* Pods */,
			);
			sourceTree = "<group>";
		};
		F5D4DEDE2D58ECC70038A233 /* Products */ = {
			isa = PBXGroup;
			children = (
				F5D4DEDD2D58ECC70038A233 /* Shopify.app */,
				F5D4DEF62D58ECC90038A233 /* ShopifyTests.xctest */,
				F5D4DF002D58ECC90038A233 /* ShopifyUITests.xctest */,
			);
			name = Products;
			sourceTree = "<group>";
		};
/* End PBXGroup section */

/* Begin PBXNativeTarget section */
		F5D4DEDC2D58ECC70038A233 /* Shopify */ = {
			isa = PBXNativeTarget;
			buildConfigurationList = F5D4DF092D58ECC90038A233 /* Build configuration list for PBXNativeTarget "Shopify" */;
			buildPhases = (
				21C18D514CAA099DD89F3271 /* [CP] Check Pods Manifest.lock */,
				F5D4DED92D58ECC70038A233 /* Sources */,
				F5D4DEDA2D58ECC70038A233 /* Frameworks */,
				F5D4DEDB2D58ECC70038A233 /* Resources */,
				8C27BFB6F3ED1B749249F169 /* [CP] Embed Pods Frameworks */,
			);
			buildRules = (
			);
			dependencies = (
			);
			fileSystemSynchronizedGroups = (
				F5D4DEDF2D58ECC70038A233 /* Shopify */,
			);
			name = Shopify;
			packageProductDependencies = (
				1741D3D32D5E1F4E00961507 /* Apollo */,
				1741D3D52D5E1F4E00961507 /* ApolloTestSupport */,
				1741D3D72D5E1F4E00961507 /* ApolloWebSocket */,
				1741D3E12D5E232300961507 /* RokayaAPI */,
			);
			productName = Shopify;
			productReference = F5D4DEDD2D58ECC70038A233 /* Shopify.app */;
			productType = "com.apple.product-type.application";
		};
		F5D4DEF52D58ECC90038A233 /* ShopifyTests */ = {
			isa = PBXNativeTarget;
			buildConfigurationList = F5D4DF0E2D58ECC90038A233 /* Build configuration list for PBXNativeTarget "ShopifyTests" */;
			buildPhases = (
				09B23DE635D3DE2CB7185C6F /* [CP] Check Pods Manifest.lock */,
				F5D4DEF22D58ECC90038A233 /* Sources */,
				F5D4DEF32D58ECC90038A233 /* Frameworks */,
				F5D4DEF42D58ECC90038A233 /* Resources */,
			);
			buildRules = (
			);
			dependencies = (
				F5D4DEF82D58ECC90038A233 /* PBXTargetDependency */,
			);
			fileSystemSynchronizedGroups = (
				F5D4DEF92D58ECC90038A233 /* ShopifyTests */,
			);
			name = ShopifyTests;
			productName = ShopifyTests;
			productReference = F5D4DEF62D58ECC90038A233 /* ShopifyTests.xctest */;
			productType = "com.apple.product-type.bundle.unit-test";
		};
		F5D4DEFF2D58ECC90038A233 /* ShopifyUITests */ = {
			isa = PBXNativeTarget;
			buildConfigurationList = F5D4DF112D58ECC90038A233 /* Build configuration list for PBXNativeTarget "ShopifyUITests" */;
			buildPhases = (
				4A715575B2B901810234DA59 /* [CP] Check Pods Manifest.lock */,
				F5D4DEFC2D58ECC90038A233 /* Sources */,
				F5D4DEFD2D58ECC90038A233 /* Frameworks */,
				F5D4DEFE2D58ECC90038A233 /* Resources */,
				BC97A11DAAAA95002A7265AA /* [CP] Embed Pods Frameworks */,
			);
			buildRules = (
			);
			dependencies = (
				F5D4DF022D58ECC90038A233 /* PBXTargetDependency */,
			);
			fileSystemSynchronizedGroups = (
				F5D4DF032D58ECC90038A233 /* ShopifyUITests */,
			);
			name = ShopifyUITests;
			productName = ShopifyUITests;
			productReference = F5D4DF002D58ECC90038A233 /* ShopifyUITests.xctest */;
			productType = "com.apple.product-type.bundle.ui-testing";
		};
/* End PBXNativeTarget section */

/* Begin PBXProject section */
		F5D4DED52D58ECC70038A233 /* Project object */ = {
			isa = PBXProject;
			attributes = {
				BuildIndependentTargetsInParallel = 1;
				LastSwiftUpdateCheck = 1620;
				LastUpgradeCheck = 1620;
				TargetAttributes = {
					F5D4DEDC2D58ECC70038A233 = {
						CreatedOnToolsVersion = 16.2;
					};
					F5D4DEF52D58ECC90038A233 = {
						CreatedOnToolsVersion = 16.2;
						TestTargetID = F5D4DEDC2D58ECC70038A233;
					};
					F5D4DEFF2D58ECC90038A233 = {
						CreatedOnToolsVersion = 16.2;
						TestTargetID = F5D4DEDC2D58ECC70038A233;
					};
				};
			};
			buildConfigurationList = F5D4DED82D58ECC70038A233 /* Build configuration list for PBXProject "Shopify" */;
			developmentRegion = en;
			hasScannedForEncodings = 0;
			knownRegions = (
				en,
				Base,
			);
			mainGroup = F5D4DED42D58ECC70038A233;
			minimizedProjectReferenceProxies = 1;
			packageReferences = (
				1741D3D22D5E1F4E00961507 /* XCRemoteSwiftPackageReference "apollo-ios" */,
				1741D3E02D5E232300961507 /* XCLocalSwiftPackageReference "RokayaAPI" */,
			);
			preferredProjectObjectVersion = 77;
			productRefGroup = F5D4DEDE2D58ECC70038A233 /* Products */;
			projectDirPath = "";
			projectRoot = "";
			targets = (
				F5D4DEDC2D58ECC70038A233 /* Shopify */,
				F5D4DEF52D58ECC90038A233 /* ShopifyTests */,
				F5D4DEFF2D58ECC90038A233 /* ShopifyUITests */,
			);
		};
/* End PBXProject section */

/* Begin PBXResourcesBuildPhase section */
		F5D4DEDB2D58ECC70038A233 /* Resources */ = {
			isa = PBXResourcesBuildPhase;
			buildActionMask = 2147483647;
			files = (
			);
			runOnlyForDeploymentPostprocessing = 0;
		};
		F5D4DEF42D58ECC90038A233 /* Resources */ = {
			isa = PBXResourcesBuildPhase;
			buildActionMask = 2147483647;
			files = (
			);
			runOnlyForDeploymentPostprocessing = 0;
		};
		F5D4DEFE2D58ECC90038A233 /* Resources */ = {
			isa = PBXResourcesBuildPhase;
			buildActionMask = 2147483647;
			files = (
			);
			runOnlyForDeploymentPostprocessing = 0;
		};
/* End PBXResourcesBuildPhase section */

/* Begin PBXShellScriptBuildPhase section */
		09B23DE635D3DE2CB7185C6F /* [CP] Check Pods Manifest.lock */ = {
			isa = PBXShellScriptBuildPhase;
			buildActionMask = 2147483647;
			files = (
			);
			inputFileListPaths = (
			);
			inputPaths = (
				"${PODS_PODFILE_DIR_PATH}/Podfile.lock",
				"${PODS_ROOT}/Manifest.lock",
			);
			name = "[CP] Check Pods Manifest.lock";
			outputFileListPaths = (
			);
			outputPaths = (
				"$(DERIVED_FILE_DIR)/Pods-ShopifyTests-checkManifestLockResult.txt",
			);
			runOnlyForDeploymentPostprocessing = 0;
			shellPath = /bin/sh;
			shellScript = "diff \"${PODS_PODFILE_DIR_PATH}/Podfile.lock\" \"${PODS_ROOT}/Manifest.lock\" > /dev/null\nif [ $? != 0 ] ; then\n    # print error to STDERR\n    echo \"error: The sandbox is not in sync with the Podfile.lock. Run 'pod install' or update your CocoaPods installation.\" >&2\n    exit 1\nfi\n# This output is used by Xcode 'outputs' to avoid re-running this script phase.\necho \"SUCCESS\" > \"${SCRIPT_OUTPUT_FILE_0}\"\n";
			showEnvVarsInLog = 0;
		};
		21C18D514CAA099DD89F3271 /* [CP] Check Pods Manifest.lock */ = {
			isa = PBXShellScriptBuildPhase;
			buildActionMask = 2147483647;
			files = (
			);
			inputFileListPaths = (
			);
			inputPaths = (
				"${PODS_PODFILE_DIR_PATH}/Podfile.lock",
				"${PODS_ROOT}/Manifest.lock",
			);
			name = "[CP] Check Pods Manifest.lock";
			outputFileListPaths = (
			);
			outputPaths = (
				"$(DERIVED_FILE_DIR)/Pods-Shopify-checkManifestLockResult.txt",
			);
			runOnlyForDeploymentPostprocessing = 0;
			shellPath = /bin/sh;
			shellScript = "diff \"${PODS_PODFILE_DIR_PATH}/Podfile.lock\" \"${PODS_ROOT}/Manifest.lock\" > /dev/null\nif [ $? != 0 ] ; then\n    # print error to STDERR\n    echo \"error: The sandbox is not in sync with the Podfile.lock. Run 'pod install' or update your CocoaPods installation.\" >&2\n    exit 1\nfi\n# This output is used by Xcode 'outputs' to avoid re-running this script phase.\necho \"SUCCESS\" > \"${SCRIPT_OUTPUT_FILE_0}\"\n";
			showEnvVarsInLog = 0;
		};
		4A715575B2B901810234DA59 /* [CP] Check Pods Manifest.lock */ = {
			isa = PBXShellScriptBuildPhase;
			buildActionMask = 2147483647;
			files = (
			);
			inputFileListPaths = (
			);
			inputPaths = (
				"${PODS_PODFILE_DIR_PATH}/Podfile.lock",
				"${PODS_ROOT}/Manifest.lock",
			);
			name = "[CP] Check Pods Manifest.lock";
			outputFileListPaths = (
			);
			outputPaths = (
				"$(DERIVED_FILE_DIR)/Pods-Shopify-ShopifyUITests-checkManifestLockResult.txt",
			);
			runOnlyForDeploymentPostprocessing = 0;
			shellPath = /bin/sh;
			shellScript = "diff \"${PODS_PODFILE_DIR_PATH}/Podfile.lock\" \"${PODS_ROOT}/Manifest.lock\" > /dev/null\nif [ $? != 0 ] ; then\n    # print error to STDERR\n    echo \"error: The sandbox is not in sync with the Podfile.lock. Run 'pod install' or update your CocoaPods installation.\" >&2\n    exit 1\nfi\n# This output is used by Xcode 'outputs' to avoid re-running this script phase.\necho \"SUCCESS\" > \"${SCRIPT_OUTPUT_FILE_0}\"\n";
			showEnvVarsInLog = 0;
		};
		8C27BFB6F3ED1B749249F169 /* [CP] Embed Pods Frameworks */ = {
			isa = PBXShellScriptBuildPhase;
			buildActionMask = 2147483647;
			files = (
			);
			inputFileListPaths = (
				"${PODS_ROOT}/Target Support Files/Pods-Shopify/Pods-Shopify-frameworks-${CONFIGURATION}-input-files.xcfilelist",
			);
			name = "[CP] Embed Pods Frameworks";
			outputFileListPaths = (
				"${PODS_ROOT}/Target Support Files/Pods-Shopify/Pods-Shopify-frameworks-${CONFIGURATION}-output-files.xcfilelist",
			);
			runOnlyForDeploymentPostprocessing = 0;
			shellPath = /bin/sh;
			shellScript = "\"${PODS_ROOT}/Target Support Files/Pods-Shopify/Pods-Shopify-frameworks.sh\"\n";
			showEnvVarsInLog = 0;
		};
		BC97A11DAAAA95002A7265AA /* [CP] Embed Pods Frameworks */ = {
			isa = PBXShellScriptBuildPhase;
			buildActionMask = 2147483647;
			files = (
			);
			inputFileListPaths = (
				"${PODS_ROOT}/Target Support Files/Pods-Shopify-ShopifyUITests/Pods-Shopify-ShopifyUITests-frameworks-${CONFIGURATION}-input-files.xcfilelist",
			);
			name = "[CP] Embed Pods Frameworks";
			outputFileListPaths = (
				"${PODS_ROOT}/Target Support Files/Pods-Shopify-ShopifyUITests/Pods-Shopify-ShopifyUITests-frameworks-${CONFIGURATION}-output-files.xcfilelist",
			);
			runOnlyForDeploymentPostprocessing = 0;
			shellPath = /bin/sh;
			shellScript = "\"${PODS_ROOT}/Target Support Files/Pods-Shopify-ShopifyUITests/Pods-Shopify-ShopifyUITests-frameworks.sh\"\n";
			showEnvVarsInLog = 0;
		};
/* End PBXShellScriptBuildPhase section */

/* Begin PBXSourcesBuildPhase section */
		F5D4DED92D58ECC70038A233 /* Sources */ = {
			isa = PBXSourcesBuildPhase;
			buildActionMask = 2147483647;
			files = (
			);
			runOnlyForDeploymentPostprocessing = 0;
		};
		F5D4DEF22D58ECC90038A233 /* Sources */ = {
			isa = PBXSourcesBuildPhase;
			buildActionMask = 2147483647;
			files = (
			);
			runOnlyForDeploymentPostprocessing = 0;
		};
		F5D4DEFC2D58ECC90038A233 /* Sources */ = {
			isa = PBXSourcesBuildPhase;
			buildActionMask = 2147483647;
			files = (
			);
			runOnlyForDeploymentPostprocessing = 0;
		};
/* End PBXSourcesBuildPhase section */

/* Begin PBXTargetDependency section */
		F5D4DEF82D58ECC90038A233 /* PBXTargetDependency */ = {
			isa = PBXTargetDependency;
			target = F5D4DEDC2D58ECC70038A233 /* Shopify */;
			targetProxy = F5D4DEF72D58ECC90038A233 /* PBXContainerItemProxy */;
		};
		F5D4DF022D58ECC90038A233 /* PBXTargetDependency */ = {
			isa = PBXTargetDependency;
			target = F5D4DEDC2D58ECC70038A233 /* Shopify */;
			targetProxy = F5D4DF012D58ECC90038A233 /* PBXContainerItemProxy */;
		};
/* End PBXTargetDependency section */

/* Begin XCBuildConfiguration section */
		F5D4DF0A2D58ECC90038A233 /* Debug */ = {
			isa = XCBuildConfiguration;
			baseConfigurationReference = B1FAED51BA255306B09D1C63 /* Pods-Shopify.debug.xcconfig */;
			buildSettings = {
				ASSETCATALOG_COMPILER_APPICON_NAME = AppIcon;
				ASSETCATALOG_COMPILER_GLOBAL_ACCENT_COLOR_NAME = AccentColor;
				CODE_SIGN_STYLE = Automatic;
				CURRENT_PROJECT_VERSION = 1;
				GENERATE_INFOPLIST_FILE = YES;
				INFOPLIST_FILE = Shopify/Info.plist;
				INFOPLIST_KEY_UIApplicationSupportsIndirectInputEvents = YES;
				INFOPLIST_KEY_UILaunchStoryboardName = LaunchScreen;
				INFOPLIST_KEY_UIMainStoryboardFile = Main;
				INFOPLIST_KEY_UISupportedInterfaceOrientations_iPad = "UIInterfaceOrientationPortrait UIInterfaceOrientationPortraitUpsideDown UIInterfaceOrientationLandscapeLeft UIInterfaceOrientationLandscapeRight";
				INFOPLIST_KEY_UISupportedInterfaceOrientations_iPhone = "UIInterfaceOrientationPortrait UIInterfaceOrientationLandscapeLeft UIInterfaceOrientationLandscapeRight";
				LD_RUNPATH_SEARCH_PATHS = (
					"$(inherited)",
					"@executable_path/Frameworks",
				);
				MARKETING_VERSION = 1.0;
				PRODUCT_BUNDLE_IDENTIFIER = iti.Shopify;
				PRODUCT_NAME = "$(TARGET_NAME)";
				SWIFT_EMIT_LOC_STRINGS = YES;
				SWIFT_VERSION = 5.0;
				TARGETED_DEVICE_FAMILY = "1,2";
			};
			name = Debug;
		};
		F5D4DF0B2D58ECC90038A233 /* Release */ = {
			isa = XCBuildConfiguration;
			baseConfigurationReference = 8A689B4E6754D4922F139F49 /* Pods-Shopify.release.xcconfig */;
			buildSettings = {
				ASSETCATALOG_COMPILER_APPICON_NAME = AppIcon;
				ASSETCATALOG_COMPILER_GLOBAL_ACCENT_COLOR_NAME = AccentColor;
				CODE_SIGN_STYLE = Automatic;
				CURRENT_PROJECT_VERSION = 1;
				GENERATE_INFOPLIST_FILE = YES;
				INFOPLIST_FILE = Shopify/Info.plist;
				INFOPLIST_KEY_UIApplicationSupportsIndirectInputEvents = YES;
				INFOPLIST_KEY_UILaunchStoryboardName = LaunchScreen;
				INFOPLIST_KEY_UIMainStoryboardFile = Main;
				INFOPLIST_KEY_UISupportedInterfaceOrientations_iPad = "UIInterfaceOrientationPortrait UIInterfaceOrientationPortraitUpsideDown UIInterfaceOrientationLandscapeLeft UIInterfaceOrientationLandscapeRight";
				INFOPLIST_KEY_UISupportedInterfaceOrientations_iPhone = "UIInterfaceOrientationPortrait UIInterfaceOrientationLandscapeLeft UIInterfaceOrientationLandscapeRight";
				LD_RUNPATH_SEARCH_PATHS = (
					"$(inherited)",
					"@executable_path/Frameworks",
				);
				MARKETING_VERSION = 1.0;
				PRODUCT_BUNDLE_IDENTIFIER = iti.Shopify;
				PRODUCT_NAME = "$(TARGET_NAME)";
				SWIFT_EMIT_LOC_STRINGS = YES;
				SWIFT_VERSION = 5.0;
				TARGETED_DEVICE_FAMILY = "1,2";
			};
			name = Release;
		};
		F5D4DF0C2D58ECC90038A233 /* Debug */ = {
			isa = XCBuildConfiguration;
			buildSettings = {
				ALWAYS_SEARCH_USER_PATHS = NO;
				ASSETCATALOG_COMPILER_GENERATE_SWIFT_ASSET_SYMBOL_EXTENSIONS = YES;
				CLANG_ANALYZER_NONNULL = YES;
				CLANG_ANALYZER_NUMBER_OBJECT_CONVERSION = YES_AGGRESSIVE;
				CLANG_CXX_LANGUAGE_STANDARD = "gnu++20";
				CLANG_ENABLE_MODULES = YES;
				CLANG_ENABLE_OBJC_ARC = YES;
				CLANG_ENABLE_OBJC_WEAK = YES;
				CLANG_WARN_BLOCK_CAPTURE_AUTORELEASING = YES;
				CLANG_WARN_BOOL_CONVERSION = YES;
				CLANG_WARN_COMMA = YES;
				CLANG_WARN_CONSTANT_CONVERSION = YES;
				CLANG_WARN_DEPRECATED_OBJC_IMPLEMENTATIONS = YES;
				CLANG_WARN_DIRECT_OBJC_ISA_USAGE = YES_ERROR;
				CLANG_WARN_DOCUMENTATION_COMMENTS = YES;
				CLANG_WARN_EMPTY_BODY = YES;
				CLANG_WARN_ENUM_CONVERSION = YES;
				CLANG_WARN_INFINITE_RECURSION = YES;
				CLANG_WARN_INT_CONVERSION = YES;
				CLANG_WARN_NON_LITERAL_NULL_CONVERSION = YES;
				CLANG_WARN_OBJC_IMPLICIT_RETAIN_SELF = YES;
				CLANG_WARN_OBJC_LITERAL_CONVERSION = YES;
				CLANG_WARN_OBJC_ROOT_CLASS = YES_ERROR;
				CLANG_WARN_QUOTED_INCLUDE_IN_FRAMEWORK_HEADER = YES;
				CLANG_WARN_RANGE_LOOP_ANALYSIS = YES;
				CLANG_WARN_STRICT_PROTOTYPES = YES;
				CLANG_WARN_SUSPICIOUS_MOVE = YES;
				CLANG_WARN_UNGUARDED_AVAILABILITY = YES_AGGRESSIVE;
				CLANG_WARN_UNREACHABLE_CODE = YES;
				CLANG_WARN__DUPLICATE_METHOD_MATCH = YES;
				COPY_PHASE_STRIP = NO;
				DEBUG_INFORMATION_FORMAT = dwarf;
				ENABLE_STRICT_OBJC_MSGSEND = YES;
				ENABLE_TESTABILITY = YES;
				ENABLE_USER_SCRIPT_SANDBOXING = NO;
				GCC_C_LANGUAGE_STANDARD = gnu17;
				GCC_DYNAMIC_NO_PIC = NO;
				GCC_NO_COMMON_BLOCKS = YES;
				GCC_OPTIMIZATION_LEVEL = 0;
				GCC_PREPROCESSOR_DEFINITIONS = (
					"DEBUG=1",
					"$(inherited)",
				);
				GCC_WARN_64_TO_32_BIT_CONVERSION = YES;
				GCC_WARN_ABOUT_RETURN_TYPE = YES_ERROR;
				GCC_WARN_UNDECLARED_SELECTOR = YES;
				GCC_WARN_UNINITIALIZED_AUTOS = YES_AGGRESSIVE;
				GCC_WARN_UNUSED_FUNCTION = YES;
				GCC_WARN_UNUSED_VARIABLE = YES;
				IPHONEOS_DEPLOYMENT_TARGET = 18.2;
				LOCALIZATION_PREFERS_STRING_CATALOGS = YES;
				MTL_ENABLE_DEBUG_INFO = INCLUDE_SOURCE;
				MTL_FAST_MATH = YES;
				ONLY_ACTIVE_ARCH = YES;
				SDKROOT = iphoneos;
				SWIFT_ACTIVE_COMPILATION_CONDITIONS = "DEBUG $(inherited)";
				SWIFT_OPTIMIZATION_LEVEL = "-Onone";
			};
			name = Debug;
		};
		F5D4DF0D2D58ECC90038A233 /* Release */ = {
			isa = XCBuildConfiguration;
			buildSettings = {
				ALWAYS_SEARCH_USER_PATHS = NO;
				ASSETCATALOG_COMPILER_GENERATE_SWIFT_ASSET_SYMBOL_EXTENSIONS = YES;
				CLANG_ANALYZER_NONNULL = YES;
				CLANG_ANALYZER_NUMBER_OBJECT_CONVERSION = YES_AGGRESSIVE;
				CLANG_CXX_LANGUAGE_STANDARD = "gnu++20";
				CLANG_ENABLE_MODULES = YES;
				CLANG_ENABLE_OBJC_ARC = YES;
				CLANG_ENABLE_OBJC_WEAK = YES;
				CLANG_WARN_BLOCK_CAPTURE_AUTORELEASING = YES;
				CLANG_WARN_BOOL_CONVERSION = YES;
				CLANG_WARN_COMMA = YES;
				CLANG_WARN_CONSTANT_CONVERSION = YES;
				CLANG_WARN_DEPRECATED_OBJC_IMPLEMENTATIONS = YES;
				CLANG_WARN_DIRECT_OBJC_ISA_USAGE = YES_ERROR;
				CLANG_WARN_DOCUMENTATION_COMMENTS = YES;
				CLANG_WARN_EMPTY_BODY = YES;
				CLANG_WARN_ENUM_CONVERSION = YES;
				CLANG_WARN_INFINITE_RECURSION = YES;
				CLANG_WARN_INT_CONVERSION = YES;
				CLANG_WARN_NON_LITERAL_NULL_CONVERSION = YES;
				CLANG_WARN_OBJC_IMPLICIT_RETAIN_SELF = YES;
				CLANG_WARN_OBJC_LITERAL_CONVERSION = YES;
				CLANG_WARN_OBJC_ROOT_CLASS = YES_ERROR;
				CLANG_WARN_QUOTED_INCLUDE_IN_FRAMEWORK_HEADER = YES;
				CLANG_WARN_RANGE_LOOP_ANALYSIS = YES;
				CLANG_WARN_STRICT_PROTOTYPES = YES;
				CLANG_WARN_SUSPICIOUS_MOVE = YES;
				CLANG_WARN_UNGUARDED_AVAILABILITY = YES_AGGRESSIVE;
				CLANG_WARN_UNREACHABLE_CODE = YES;
				CLANG_WARN__DUPLICATE_METHOD_MATCH = YES;
				COPY_PHASE_STRIP = NO;
				DEBUG_INFORMATION_FORMAT = "dwarf-with-dsym";
				ENABLE_NS_ASSERTIONS = NO;
				ENABLE_STRICT_OBJC_MSGSEND = YES;
				ENABLE_USER_SCRIPT_SANDBOXING = NO;
				GCC_C_LANGUAGE_STANDARD = gnu17;
				GCC_NO_COMMON_BLOCKS = YES;
				GCC_WARN_64_TO_32_BIT_CONVERSION = YES;
				GCC_WARN_ABOUT_RETURN_TYPE = YES_ERROR;
				GCC_WARN_UNDECLARED_SELECTOR = YES;
				GCC_WARN_UNINITIALIZED_AUTOS = YES_AGGRESSIVE;
				GCC_WARN_UNUSED_FUNCTION = YES;
				GCC_WARN_UNUSED_VARIABLE = YES;
				IPHONEOS_DEPLOYMENT_TARGET = 18.2;
				LOCALIZATION_PREFERS_STRING_CATALOGS = YES;
				MTL_ENABLE_DEBUG_INFO = NO;
				MTL_FAST_MATH = YES;
				SDKROOT = iphoneos;
				SWIFT_COMPILATION_MODE = wholemodule;
				VALIDATE_PRODUCT = YES;
			};
			name = Release;
		};
		F5D4DF0F2D58ECC90038A233 /* Debug */ = {
			isa = XCBuildConfiguration;
			baseConfigurationReference = 159A2EB4B6B44D6EC0E17058 /* Pods-ShopifyTests.debug.xcconfig */;
			buildSettings = {
				BUNDLE_LOADER = "$(TEST_HOST)";
				CODE_SIGN_STYLE = Automatic;
				CURRENT_PROJECT_VERSION = 1;
				GENERATE_INFOPLIST_FILE = YES;
				IPHONEOS_DEPLOYMENT_TARGET = 18.2;
				MARKETING_VERSION = 1.0;
				PRODUCT_BUNDLE_IDENTIFIER = iti.ShopifyTests;
				PRODUCT_NAME = "$(TARGET_NAME)";
				SWIFT_EMIT_LOC_STRINGS = NO;
				SWIFT_VERSION = 5.0;
				TARGETED_DEVICE_FAMILY = "1,2";
				TEST_HOST = "$(BUILT_PRODUCTS_DIR)/Shopify.app/$(BUNDLE_EXECUTABLE_FOLDER_PATH)/Shopify";
			};
			name = Debug;
		};
		F5D4DF102D58ECC90038A233 /* Release */ = {
			isa = XCBuildConfiguration;
			baseConfigurationReference = 74329265775279C39B81022A /* Pods-ShopifyTests.release.xcconfig */;
			buildSettings = {
				BUNDLE_LOADER = "$(TEST_HOST)";
				CODE_SIGN_STYLE = Automatic;
				CURRENT_PROJECT_VERSION = 1;
				GENERATE_INFOPLIST_FILE = YES;
				IPHONEOS_DEPLOYMENT_TARGET = 18.2;
				MARKETING_VERSION = 1.0;
				PRODUCT_BUNDLE_IDENTIFIER = iti.ShopifyTests;
				PRODUCT_NAME = "$(TARGET_NAME)";
				SWIFT_EMIT_LOC_STRINGS = NO;
				SWIFT_VERSION = 5.0;
				TARGETED_DEVICE_FAMILY = "1,2";
				TEST_HOST = "$(BUILT_PRODUCTS_DIR)/Shopify.app/$(BUNDLE_EXECUTABLE_FOLDER_PATH)/Shopify";
			};
			name = Release;
		};
		F5D4DF122D58ECC90038A233 /* Debug */ = {
			isa = XCBuildConfiguration;
			baseConfigurationReference = D36D1B79654050366AF2838C /* Pods-Shopify-ShopifyUITests.debug.xcconfig */;
			buildSettings = {
				CODE_SIGN_STYLE = Automatic;
				CURRENT_PROJECT_VERSION = 1;
				GENERATE_INFOPLIST_FILE = YES;
				MARKETING_VERSION = 1.0;
				PRODUCT_BUNDLE_IDENTIFIER = iti.ShopifyUITests;
				PRODUCT_NAME = "$(TARGET_NAME)";
				SWIFT_EMIT_LOC_STRINGS = NO;
				SWIFT_VERSION = 5.0;
				TARGETED_DEVICE_FAMILY = "1,2";
				TEST_TARGET_NAME = Shopify;
			};
			name = Debug;
		};
		F5D4DF132D58ECC90038A233 /* Release */ = {
			isa = XCBuildConfiguration;
			baseConfigurationReference = 16C914ED8AD2D81CF47B2F5E /* Pods-Shopify-ShopifyUITests.release.xcconfig */;
			buildSettings = {
				CODE_SIGN_STYLE = Automatic;
				CURRENT_PROJECT_VERSION = 1;
				GENERATE_INFOPLIST_FILE = YES;
				MARKETING_VERSION = 1.0;
				PRODUCT_BUNDLE_IDENTIFIER = iti.ShopifyUITests;
				PRODUCT_NAME = "$(TARGET_NAME)";
				SWIFT_EMIT_LOC_STRINGS = NO;
				SWIFT_VERSION = 5.0;
				TARGETED_DEVICE_FAMILY = "1,2";
				TEST_TARGET_NAME = Shopify;
			};
			name = Release;
		};
/* End XCBuildConfiguration section */

/* Begin XCConfigurationList section */
		F5D4DED82D58ECC70038A233 /* Build configuration list for PBXProject "Shopify" */ = {
			isa = XCConfigurationList;
			buildConfigurations = (
				F5D4DF0C2D58ECC90038A233 /* Debug */,
				F5D4DF0D2D58ECC90038A233 /* Release */,
			);
			defaultConfigurationIsVisible = 0;
			defaultConfigurationName = Release;
		};
		F5D4DF092D58ECC90038A233 /* Build configuration list for PBXNativeTarget "Shopify" */ = {
			isa = XCConfigurationList;
			buildConfigurations = (
				F5D4DF0A2D58ECC90038A233 /* Debug */,
				F5D4DF0B2D58ECC90038A233 /* Release */,
			);
			defaultConfigurationIsVisible = 0;
			defaultConfigurationName = Release;
		};
		F5D4DF0E2D58ECC90038A233 /* Build configuration list for PBXNativeTarget "ShopifyTests" */ = {
			isa = XCConfigurationList;
			buildConfigurations = (
				F5D4DF0F2D58ECC90038A233 /* Debug */,
				F5D4DF102D58ECC90038A233 /* Release */,
			);
			defaultConfigurationIsVisible = 0;
			defaultConfigurationName = Release;
		};
		F5D4DF112D58ECC90038A233 /* Build configuration list for PBXNativeTarget "ShopifyUITests" */ = {
			isa = XCConfigurationList;
			buildConfigurations = (
				F5D4DF122D58ECC90038A233 /* Debug */,
				F5D4DF132D58ECC90038A233 /* Release */,
			);
			defaultConfigurationIsVisible = 0;
			defaultConfigurationName = Release;
		};
/* End XCConfigurationList section */

/* Begin XCLocalSwiftPackageReference section */
		1741D3E02D5E232300961507 /* XCLocalSwiftPackageReference "RokayaAPI" */ = {
			isa = XCLocalSwiftPackageReference;
			relativePath = RokayaAPI;
		};
/* End XCLocalSwiftPackageReference section */

/* Begin XCRemoteSwiftPackageReference section */
		1741D3D22D5E1F4E00961507 /* XCRemoteSwiftPackageReference "apollo-ios" */ = {
			isa = XCRemoteSwiftPackageReference;
			repositoryURL = "https://github.com/apollographql/apollo-ios";
			requirement = {
				kind = upToNextMajorVersion;
				minimumVersion = 1.17.0;
			};
		};
/* End XCRemoteSwiftPackageReference section */

/* Begin XCSwiftPackageProductDependency section */
		1741D3D32D5E1F4E00961507 /* Apollo */ = {
			isa = XCSwiftPackageProductDependency;
			package = 1741D3D22D5E1F4E00961507 /* XCRemoteSwiftPackageReference "apollo-ios" */;
			productName = Apollo;
		};
		1741D3D52D5E1F4E00961507 /* ApolloTestSupport */ = {
			isa = XCSwiftPackageProductDependency;
			package = 1741D3D22D5E1F4E00961507 /* XCRemoteSwiftPackageReference "apollo-ios" */;
			productName = ApolloTestSupport;
		};
		1741D3D72D5E1F4E00961507 /* ApolloWebSocket */ = {
			isa = XCSwiftPackageProductDependency;
			package = 1741D3D22D5E1F4E00961507 /* XCRemoteSwiftPackageReference "apollo-ios" */;
			productName = ApolloWebSocket;
		};
		1741D3E12D5E232300961507 /* RokayaAPI */ = {
			isa = XCSwiftPackageProductDependency;
			productName = RokayaAPI;
		};
/* End XCSwiftPackageProductDependency section */
	};
	rootObject = F5D4DED52D58ECC70038A233 /* Project object */;
}
