PODS:
  - Alamofire (5.10.2)
  - Braintree (6.28.0):
    - Braintree/Card (= 6.28.0)
    - Braintree/Core (= 6.28.0)
    - Braintree/PayPal (= 6.28.0)
  - Braintree/Card (6.28.0):
    - Braintree/Core
  - Braintree/Core (6.28.0)
  - Braintree/DataCollector (6.28.0):
    - Braintree/Core
  - Braintree/PayPal (6.28.0):
    - Braintree/Core
    - Braintree/DataCollector
  - Braintree/PayPalNativeCheckout (6.28.0):
    - Braintree/Core
    - Braintree/PayPal
    - PayPalCheckout (= 1.3.0)
  - Kingfisher (8.2.0)
  - lottie-ios (4.5.1)
  - PayPalCheckout (1.3.0)
  - SDWebImage (5.21.0):
    - SDWebImage/Core (= 5.21.0)
  - SDWebImage/Core (5.21.0)

DEPENDENCIES:
  - Alamofire
  - Braintree
  - Braintree/PayPalNativeCheckout
  - Kingfisher
  - lottie-ios
  - SDWebImage (~> 5.0)

SPEC REPOS:
  trunk:
    - Alamofire
    - Braintree
    - Kingfisher
    - lottie-ios
    - PayPalCheckout
    - SDWebImage

SPEC CHECKSUMS:
  Alamofire: 7193b3b92c74a07f85569e1a6c4f4237291e7496
  Braintree: 9232afa45c944e7d66bd760aabcd0344c902b744
  Kingfisher: 323e5c4ec7983aaace12af655a7b51a7f88a599d
  lottie-ios: 248b380fa1b97d18e792c37d90da7ab2aa0d6562
  PayPalCheckout: 06cb1e4f5bfdca33b8eb6052d04ac4e4a4ab512c
  SDWebImage: f84b0feeb08d2d11e6a9b843cb06d75ebf5b8868

PODFILE CHECKSUM: 26f223d6510676590adbef4206ae7fa72959a571

COCOAPODS: 1.16.2
